
Microsoft Visual Studio Solution File, Format Version 12.00
# Visual Studio Version 17
VisualStudioVersion = 17.4.33205.214
MinimumVisualStudioVersion = 10.0.40219.1
Project("{8BC9CEB8-8B4A-11D0-8D11-00A0C91BC942}") = "Judge_MotorManager", "Judge_MotorManager.vcxitems", "{4B6C3391-F0DD-40F5-BA93-43AC775F041C}"
EndProject
Project("{8BC9CEB8-8B4A-11D0-8D11-00A0C91BC942}") = "MotorManager", "..\..\MotorManager\MotorManager.vcxproj", "{4CF9B8F0-3B0A-4FDD-B243-9E453A681410}"
EndProject
Project("{8BC9CEB8-8B4A-11D0-8D11-00A0C91BC942}") = "Judge_Sensors", "..\Judge_Sensors\Judge_Sensors.vcxitems", "{BBD55E68-4AB3-43AC-A369-F9AACB411838}"
EndProject
Project("{8BC9CEB8-8B4A-11D0-8D11-00A0C91BC942}") = "Judge_Util", "..\Judge_Util\Judge_Util.vcxitems", "{AE6B9AEB-0BF5-4A4B-9C6C-401ECB515B41}"
EndProject
Project("{8BC9CEB8-8B4A-11D0-8D11-00A0C91BC942}") = "CockpitControls", "..\..\CockpitControls\CockpitControls.vcxproj", "{9C5D3865-EFCA-4C85-8056-7424A1D8877B}"
EndProject
Project("{8BC9CEB8-8B4A-11D0-8D11-00A0C91BC942}") = "Judge_SerialCommander", "..\Judge_SerialCommander\Judge_SerialCommander.vcxitems", "{5BBEDA30-0626-406F-81F4-EAEE3B68352A}"
EndProject
Project("{8BC9CEB8-8B4A-11D0-8D11-00A0C91BC942}") = "Judge_ButtonManager", "..\Judge_ButtonManager\Judge_ButtonManager.vcxitems", "{B96598D9-7313-4D7B-9B54-4F18A382B0E9}"
EndProject
Global
	GlobalSection(SolutionConfigurationPlatforms) = preSolution
		Debug|ARM = Debug|ARM
		Debug|ARM64 = Debug|ARM64
		Debug|x64 = Debug|x64
		Debug|x86 = Debug|x86
		Release|ARM = Release|ARM
		Release|ARM64 = Release|ARM64
		Release|x64 = Release|x64
		Release|x86 = Release|x86
	EndGlobalSection
	GlobalSection(ProjectConfigurationPlatforms) = postSolution
		{4CF9B8F0-3B0A-4FDD-B243-9E453A681410}.Debug|ARM.ActiveCfg = Debug|ARM
		{4CF9B8F0-3B0A-4FDD-B243-9E453A681410}.Debug|ARM.Build.0 = Debug|ARM
		{4CF9B8F0-3B0A-4FDD-B243-9E453A681410}.Debug|ARM.Deploy.0 = Debug|ARM
		{4CF9B8F0-3B0A-4FDD-B243-9E453A681410}.Debug|ARM64.ActiveCfg = Debug|ARM64
		{4CF9B8F0-3B0A-4FDD-B243-9E453A681410}.Debug|ARM64.Build.0 = Debug|ARM64
		{4CF9B8F0-3B0A-4FDD-B243-9E453A681410}.Debug|ARM64.Deploy.0 = Debug|ARM64
		{4CF9B8F0-3B0A-4FDD-B243-9E453A681410}.Debug|x64.ActiveCfg = Debug|x64
		{4CF9B8F0-3B0A-4FDD-B243-9E453A681410}.Debug|x64.Build.0 = Debug|x64
		{4CF9B8F0-3B0A-4FDD-B243-9E453A681410}.Debug|x64.Deploy.0 = Debug|x64
		{4CF9B8F0-3B0A-4FDD-B243-9E453A681410}.Debug|x86.ActiveCfg = Debug|x86
		{4CF9B8F0-3B0A-4FDD-B243-9E453A681410}.Debug|x86.Build.0 = Debug|x86
		{4CF9B8F0-3B0A-4FDD-B243-9E453A681410}.Debug|x86.Deploy.0 = Debug|x86
		{4CF9B8F0-3B0A-4FDD-B243-9E453A681410}.Release|ARM.ActiveCfg = Release|ARM
		{4CF9B8F0-3B0A-4FDD-B243-9E453A681410}.Release|ARM.Build.0 = Release|ARM
		{4CF9B8F0-3B0A-4FDD-B243-9E453A681410}.Release|ARM.Deploy.0 = Release|ARM
		{4CF9B8F0-3B0A-4FDD-B243-9E453A681410}.Release|ARM64.ActiveCfg = Release|ARM64
		{4CF9B8F0-3B0A-4FDD-B243-9E453A681410}.Release|ARM64.Build.0 = Release|ARM64
		{4CF9B8F0-3B0A-4FDD-B243-9E453A681410}.Release|ARM64.Deploy.0 = Release|ARM64
		{4CF9B8F0-3B0A-4FDD-B243-9E453A681410}.Release|x64.ActiveCfg = Release|x64
		{4CF9B8F0-3B0A-4FDD-B243-9E453A681410}.Release|x64.Build.0 = Release|x64
		{4CF9B8F0-3B0A-4FDD-B243-9E453A681410}.Release|x64.Deploy.0 = Release|x64
		{4CF9B8F0-3B0A-4FDD-B243-9E453A681410}.Release|x86.ActiveCfg = Release|x86
		{4CF9B8F0-3B0A-4FDD-B243-9E453A681410}.Release|x86.Build.0 = Release|x86
		{4CF9B8F0-3B0A-4FDD-B243-9E453A681410}.Release|x86.Deploy.0 = Release|x86
		{9C5D3865-EFCA-4C85-8056-7424A1D8877B}.Debug|ARM.ActiveCfg = Debug|ARM
		{9C5D3865-EFCA-4C85-8056-7424A1D8877B}.Debug|ARM.Build.0 = Debug|ARM
		{9C5D3865-EFCA-4C85-8056-7424A1D8877B}.Debug|ARM.Deploy.0 = Debug|ARM
		{9C5D3865-EFCA-4C85-8056-7424A1D8877B}.Debug|ARM64.ActiveCfg = Debug|ARM64
		{9C5D3865-EFCA-4C85-8056-7424A1D8877B}.Debug|ARM64.Build.0 = Debug|ARM64
		{9C5D3865-EFCA-4C85-8056-7424A1D8877B}.Debug|ARM64.Deploy.0 = Debug|ARM64
		{9C5D3865-EFCA-4C85-8056-7424A1D8877B}.Debug|x64.ActiveCfg = Debug|x64
		{9C5D3865-EFCA-4C85-8056-7424A1D8877B}.Debug|x64.Build.0 = Debug|x64
		{9C5D3865-EFCA-4C85-8056-7424A1D8877B}.Debug|x64.Deploy.0 = Debug|x64
		{9C5D3865-EFCA-4C85-8056-7424A1D8877B}.Debug|x86.ActiveCfg = Debug|x86
		{9C5D3865-EFCA-4C85-8056-7424A1D8877B}.Debug|x86.Build.0 = Debug|x86
		{9C5D3865-EFCA-4C85-8056-7424A1D8877B}.Debug|x86.Deploy.0 = Debug|x86
		{9C5D3865-EFCA-4C85-8056-7424A1D8877B}.Release|ARM.ActiveCfg = Release|ARM
		{9C5D3865-EFCA-4C85-8056-7424A1D8877B}.Release|ARM.Build.0 = Release|ARM
		{9C5D3865-EFCA-4C85-8056-7424A1D8877B}.Release|ARM.Deploy.0 = Release|ARM
		{9C5D3865-EFCA-4C85-8056-7424A1D8877B}.Release|ARM64.ActiveCfg = Release|ARM64
		{9C5D3865-EFCA-4C85-8056-7424A1D8877B}.Release|ARM64.Build.0 = Release|ARM64
		{9C5D3865-EFCA-4C85-8056-7424A1D8877B}.Release|ARM64.Deploy.0 = Release|ARM64
		{9C5D3865-EFCA-4C85-8056-7424A1D8877B}.Release|x64.ActiveCfg = Release|x64
		{9C5D3865-EFCA-4C85-8056-7424A1D8877B}.Release|x64.Build.0 = Release|x64
		{9C5D3865-EFCA-4C85-8056-7424A1D8877B}.Release|x64.Deploy.0 = Release|x64
		{9C5D3865-EFCA-4C85-8056-7424A1D8877B}.Release|x86.ActiveCfg = Release|x86
		{9C5D3865-EFCA-4C85-8056-7424A1D8877B}.Release|x86.Build.0 = Release|x86
		{9C5D3865-EFCA-4C85-8056-7424A1D8877B}.Release|x86.Deploy.0 = Release|x86
	EndGlobalSection
	GlobalSection(SolutionProperties) = preSolution
		HideSolutionNode = FALSE
	EndGlobalSection
	GlobalSection(ExtensibilityGlobals) = postSolution
		SolutionGuid = {418317F4-20DC-47DC-94FD-324BAB3F2FFC}
	EndGlobalSection
	GlobalSection(SharedMSBuildProjectFiles) = preSolution
		Judge_MotorManager.vcxitems*{4b6c3391-f0dd-40f5-ba93-43ac775f041c}*SharedItemsImports = 9
		Judge_MotorManager.vcxitems*{4cf9b8f0-3b0a-4fdd-b243-9e453a681410}*SharedItemsImports = 4
		..\Judge_Sensors\Judge_Sensors.vcxitems*{4cf9b8f0-3b0a-4fdd-b243-9e453a681410}*SharedItemsImports = 4
		..\Judge_Util\Judge_Util.vcxitems*{4cf9b8f0-3b0a-4fdd-b243-9e453a681410}*SharedItemsImports = 4
		..\Judge_SerialCommander\Judge_SerialCommander.vcxitems*{5bbeda30-0626-406f-81f4-eaee3b68352a}*SharedItemsImports = 9
		..\Judge_ButtonManager\Judge_ButtonManager.vcxitems*{9c5d3865-efca-4c85-8056-7424a1d8877b}*SharedItemsImports = 4
		Judge_MotorManager.vcxitems*{9c5d3865-efca-4c85-8056-7424a1d8877b}*SharedItemsImports = 4
		..\Judge_Sensors\Judge_Sensors.vcxitems*{9c5d3865-efca-4c85-8056-7424a1d8877b}*SharedItemsImports = 4
		..\Judge_SerialCommander\Judge_SerialCommander.vcxitems*{9c5d3865-efca-4c85-8056-7424a1d8877b}*SharedItemsImports = 4
		..\Judge_Util\Judge_Util.vcxitems*{9c5d3865-efca-4c85-8056-7424a1d8877b}*SharedItemsImports = 4
		..\Judge_Util\Judge_Util.vcxitems*{ae6b9aeb-0bf5-4a4b-9c6c-401ecb515b41}*SharedItemsImports = 9
		..\Judge_ButtonManager\Judge_ButtonManager.vcxitems*{b96598d9-7313-4d7b-9b54-4f18a382b0e9}*SharedItemsImports = 9
		..\Judge_Sensors\Judge_Sensors.vcxitems*{bbd55e68-4ab3-43ac-a369-f9aacb411838}*SharedItemsImports = 9
	EndGlobalSection
EndGlobal
